
Microsoft Visual Studio Solution File, Format Version 12.00
Project("{FAE04EC0-301F-11D3-BF4B-00C04F79EFBC}") = "sk9.2", "sk9.2\sk9.2.csproj", "{CE0EC1B8-DAC9-49D9-9284-3DDEA3307CB3}"
EndProject
Global
	GlobalSection(SolutionConfigurationPlatforms) = preSolution
		Debug|Any CPU = Debug|Any CPU
		Release|Any CPU = Release|Any CPU
	EndGlobalSection
	GlobalSection(ProjectConfigurationPlatforms) = postSolution
		{CE0EC1B8-DAC9-49D9-9284-3DDEA3307CB3}.Debug|Any CPU.ActiveCfg = Debug|Any CPU
		{CE0EC1B8-DAC9-49D9-9284-3DDEA3307CB3}.Debug|Any CPU.Build.0 = Debug|Any CPU
		{CE0EC1B8-DAC9-49D9-9284-3DDEA3307CB3}.Release|Any CPU.ActiveCfg = Release|Any CPU
		{CE0EC1B8-DAC9-49D9-9284-3DDEA3307CB3}.Release|Any CPU.Build.0 = Release|Any CPU
	EndGlobalSection
EndGlobal
